{
  "nodes": {
    "home-manager": {
      "inputs": {
        "nixpkgs": [
          "nixpkgs"
        ]
      },
      "locked": {
        "lastModified": 1789978077,
        "narHash": "sha256-p/e37FfVifxJQJM7OiiVbUXdpj6eXmOJk34TKLKyYe4=",
        "owner": "nix-community",
        "repo": "home-manager",
        "rev": "a26f7158fbc4aa740fcc7fa79a01e1ed29910bc2",
        "type": "github"
      },
      "original": {
        "owner": "nix-community",
        "repo": "home-manager",
        "type": "github"
      }
    },
    "home-manager_2": {
      "inputs": {
        "nixpkgs": [
          "zenbook-duo",
          "nixpkgs"
        ]
      },
      "locked": {
        "lastModified": 1788487777,
        "narHash": "sha256-Ro/e1N4ZR8/XaFF+sF9SgfPK79HM5YNEppzFj8p+0Ak=",
        "owner": "nix-community",
        "repo": "home-manager",
        "rev": "693e8ce0fb240a73c116a03cfd7b19269c87af88",
        "type": "github"
      },
      "original": {
        "owner": "nix-community",
        "repo": "home-manager",
        "type": "github"
      }
    },
    "nixpkgs": {
      "locked": {
        "lastModified": 1789785513,
        "narHash": "sha256-B44WL6h0XoLjJ41bUPJk0X5SDinLCII//6EcBLXKiJ0=",
        "owner": "NixOS",
        "repo": "nixpkgs",
        "rev": "20b1ddd1aa5ace70c9468305030aa4f9ef79671b",
        "type": "github"
      },
      "original": {
        "owner": "NixOS",
        "ref": "nixos-unstable",
        "repo": "nixpkgs",
        "type": "github"
      }
    },
    "nixpkgs-ghostty": {
      "locked": {
        "lastModified": 1789785513,
        "narHash": "sha256-B44WL6h0XoLjJ41bUPJk0X5SDinLCII//6EcBLXKiJ0=",
        "owner": "NixOS",
        "repo": "nixpkgs",
        "rev": "20b1ddd1aa5ace70c9468305030aa4f9ef79671b",
        "type": "github"
      },
      "original": {
        "owner": "NixOS",
        "ref": "nixos-unstable",
        "repo": "nixpkgs",
        "type": "github"
      }
    },
    "root": {
      "inputs": {
        "home-manager": "home-manager",
        "nixpkgs": "nixpkgs",
        "nixpkgs-ghostty": "nixpkgs-ghostty",
        "zenbook-duo": "zenbook-duo"
      }
    },
    "zenbook-duo": {
      "inputs": {
        "home-manager": "home-manager_2",
        "nixpkgs": [
          "nixpkgs"
        ]
      },
      "locked": {
        "lastModified": 1789955333,
        "narHash": "sha256-zUMMQSVd18+CYUGQ8HZVE2uWfPYtHkGwc94+IxMZl54=",
        "owner": "JowiAoun",
        "repo": "linux-on-zenbook-duo",
        "rev": "5d52248a76d2bfc3e139b9ca8d6719ce2c7583dc",
        "type": "github"
      },
      "original": {
        "owner": "JowiAoun",
        "repo": "linux-on-zenbook-duo",
        "type": "github"
      }
    }
  },
  "root": "root",
  "version": 7
}
